{
  "version": 4,
  "terraform_version": "1.1.9",
  "serial": 4,
  "lineage": "557f5851-e4aa-13dd-c249-1d70560e3fcf",
  "outputs": {
    "description": {
      "value": "Cluster Dev",
      "type": "string"
    },
    "endpoint": {
      "value": "104.196.46.188",
      "type": "string"
    },
    "id": {
      "value": "projects/stf-taller001-349601/locations/us-east1-b/clusters/gke-dev-stftaller001",
      "type": "string"
    },
    "location": {
      "value": "us-east1-b",
      "type": "string"
    },
    "name": {
      "value": "gke-dev-stftaller001",
      "type": "string"
    },
    "name-pool": {
      "value": "gke-pool",
      "type": "string"
    },
    "project": {
      "value": "stf-taller001-349601",
      "type": "string"
    }
  },
  "resources": [
    {
      "mode": "managed",
      "type": "google_container_cluster",
      "name": "default",
      "provider": "provider[\"registry.terraform.io/hashicorp/google\"]",
      "instances": [
        {
          "schema_version": 1,
          "attributes": {
            "addons_config": [
              {
                "cloudrun_config": [],
                "gcp_filestore_csi_driver_config": [],
                "horizontal_pod_autoscaling": [],
                "http_load_balancing": [],
                "network_policy_config": [
                  {
                    "disabled": true
                  }
                ]
              }
            ],
            "authenticator_groups_config": [],
            "cluster_autoscaling": [
              {
                "auto_provisioning_defaults": [],
                "enabled": false,
                "resource_limits": []
              }
            ],
            "cluster_ipv4_cidr": "10.64.0.0/14",
            "confidential_nodes": [],
            "database_encryption": [
              {
                "key_name": "",
                "state": "DECRYPTED"
              }
            ],
            "datapath_provider": "",
            "default_max_pods_per_node": null,
            "default_snat_status": [
              {
                "disabled": false
              }
            ],
            "description": "Cluster Dev",
            "dns_config": [],
            "enable_autopilot": false,
            "enable_binary_authorization": false,
            "enable_intranode_visibility": false,
            "enable_kubernetes_alpha": false,
            "enable_legacy_abac": true,
            "enable_shielded_nodes": true,
            "enable_tpu": false,
            "endpoint": "104.196.46.188",
            "id": "projects/stf-taller001-349601/locations/us-east1-b/clusters/gke-dev-stftaller001",
            "initial_node_count": 1,
            "ip_allocation_policy": [],
            "label_fingerprint": "a9dc16a7",
            "location": "us-east1-b",
            "logging_config": [
              {
                "enable_components": [
                  "SYSTEM_COMPONENTS",
                  "WORKLOADS"
                ]
              }
            ],
            "logging_service": "logging.googleapis.com/kubernetes",
            "maintenance_policy": [],
            "master_auth": [
              {
                "client_certificate": "",
                "client_certificate_config": [
                  {
                    "issue_client_certificate": false
                  }
                ],
                "client_key": "",
                "cluster_ca_certificate": "LS0tLS1CRUdJTiBDRVJUSUZJQ0FURS0tLS0tCk1JSUVMRENDQXBTZ0F3SUJBZ0lRWU5RRFl0RDE5MzJjZmRIeDVYQXQ1ekFOQmdrcWhraUc5dzBCQVFzRkFEQXYKTVMwd0t3WURWUVFERXlSbFpqVmpOVFUxTUMxbE5HTTFMVFJpTjJJdFlqRmhNUzFtWTJGaU5qUTFOVFF6T1RJdwpJQmNOTWpJd05URXpNVFV5T0RRNVdoZ1BNakExTWpBMU1EVXhOakk0TkRsYU1DOHhMVEFyQmdOVkJBTVRKR1ZtCk5XTTFOVFV3TFdVMFl6VXROR0kzWWkxaU1XRXhMV1pqWVdJMk5EVTFORE01TWpDQ0FhSXdEUVlKS29aSWh2Y04KQVFFQkJRQURnZ0dQQURDQ0FZb0NnZ0dCQUt6alNWd2l4cEUvMitxTVZvV0lGQ2IyaGJmWkdENEdkN3B2eVVCUQowZEcrY1Zja0d2THhRMlVaR011ZlZZNVZneUQ2dG5jak9iUCtLVnZNWmJpRWhTVERLcDFFVlRJS0twTk5ZWXJWCmtIeFRSOFVlRUdSZGxXck14anFyVjF2N1NRaEZ4TTY5NmhTcW5WRU1qSDVJT2xsRHJXS3VLNUlzWmdVdGZ2OE4KNXZINEpjcHhZS2toYlg4Qld1amV0MGUyTXVSZGJrOHVPYS84QTVLTkNOM0RIbnZVQmFWMFFFS2d5ZnRiWk0zNgpmZmNqYkdqMDV1UGxwdmF4b0tYbHRaaHpSNTBBcUJ5dWM4TmxiV1dmeEgyclZGUmtnVU94S0ZMaE84VjB0eEFZCnNCVHk0TlpLci80OW1XVkdyWmhxYkEzY0l4RlgwakN2ZEhnN1c0dTFoTStrL0Y0WnBxVUZJN1NCVzdmMW5pMkcKTk14NUJiZVZQZW5ITFVCSHgwQzUvcGR6QXVJcUxQUWFpdzFsV2JaQi9rWTMzSm52bDYzMDhSUVY0Tm9GT01kWApWdC9kc0I5U3RpcnZkL0tVay94ZlJrRUpqYnpleUlMdklSZEFiNWxhYSs3cExickdBcXVJUGJBT0tmeThra3BFClNFVUJ2dlhjWVlGVEc4cTdFcmptWjB3bWd3SURBUUFCbzBJd1FEQU9CZ05WSFE4QkFmOEVCQU1DQWdRd0R3WUQKVlIwVEFRSC9CQVV3QXdFQi96QWRCZ05WSFE0RUZnUVVvOGtLVGpIMklRZU5DUWgwKzI3a21RQVFWQ1l3RFFZSgpLb1pJaHZjTkFRRUxCUUFEZ2dHQkFBWDVhOXNGQ2FEWGIzMDN6QjlFZm0xbUNZTzBpT01FL2QyWitKYVFuNnUxCkd4bkJCbmRLTm8rdE9EdGRIQ0k1Q2xXNkhTY2pFKzBMNG1aYzR1NlAvbDlTN2c0NlZXWjVLRUV3UDVYVU9oTVAKVTNScnJTeENBS2x4TjM3c1hnVkhJUUpBa0RYRDdqNWJudHJoYytwTEVLNGFjSTFnbXY4dTFuK0lLS3M5d2ExOQpJeFhaL2l3SDRCWkdLTkJSYjYraHEzWXQ5bzJtTHI0TUF0RXdqbFEvRWgvRWZsR1N2aGVwTzhwelhJU0FKeTAxCmlsQW0rL0NoZUdjMURHVTRmaDk4Qkd1eHN2UEpRRnpTY0lIdk9aQlR0RzVFUXdLRHMwdmREQVhzczB5VXJiUWwKRjNSMnpKQlJuUFdpWFQwZUJSdDlkclBjU3l5QWZLU2VRd00yLzFCSHpIc21iUTJoOXd4VU1MdG0veFFrTUx4VQpXaFJxVjdwWlR2V1VaMXNsZ09HaklJY01qcXAxSVUreDZpTDg1Z2FsdFlyckNQUFR4Ujg0Y2d4dVFXa2VnWjVuCnkyNlNzZXFPNDFVa3J2MHJUMjNkUWNWbXJIRlpmSkNFMm96RmVDSE9zM0FKdXN6aGdHSGh4L2xZU29RZHFKOW8KSkNPS3UwL0NCRElTY3RWclZPeUpOdz09Ci0tLS0tRU5EIENFUlRJRklDQVRFLS0tLS0K"
              }
            ],
            "master_authorized_networks_config": [],
            "master_version": "1.21.10-gke.2000",
            "min_master_version": null,
            "monitoring_config": [
              {
                "enable_components": [
                  "SYSTEM_COMPONENTS"
                ]
              }
            ],
            "monitoring_service": "monitoring.googleapis.com/kubernetes",
            "name": "gke-dev-stftaller001",
            "network": "projects/stf-taller001-349601/global/networks/default",
            "network_policy": [
              {
                "enabled": false,
                "provider": "PROVIDER_UNSPECIFIED"
              }
            ],
            "networking_mode": "ROUTES",
            "node_config": [],
            "node_locations": [],
            "node_pool": [],
            "node_version": "1.21.10-gke.2000",
            "operation": null,
            "private_cluster_config": [],
            "private_ipv6_google_access": "",
            "project": "stf-taller001-349601",
            "release_channel": [
              {
                "channel": "REGULAR"
              }
            ],
            "remove_default_node_pool": true,
            "resource_labels": null,
            "resource_usage_export_config": [],
            "self_link": "https://container.googleapis.com/v1/projects/stf-taller001-349601/zones/us-east1-b/clusters/gke-dev-stftaller001",
            "services_ipv4_cidr": "10.67.240.0/20",
            "subnetwork": "projects/stf-taller001-349601/regions/us-east1/subnetworks/default",
            "timeouts": null,
            "tpu_ipv4_cidr_block": "",
            "vertical_pod_autoscaling": [],
            "workload_identity_config": []
          },
          "sensitive_attributes": [],
          "private": "eyJlMmJmYjczMC1lY2FhLTExZTYtOGY4OC0zNDM2M2JjN2M0YzAiOnsiY3JlYXRlIjoyNDAwMDAwMDAwMDAwLCJkZWxldGUiOjI0MDAwMDAwMDAwMDAsInJlYWQiOjI0MDAwMDAwMDAwMDAsInVwZGF0ZSI6MzYwMDAwMDAwMDAwMH0sInNjaGVtYV92ZXJzaW9uIjoiMSJ9"
        }
      ]
    },
    {
      "mode": "managed",
      "type": "google_container_node_pool",
      "name": "default",
      "provider": "provider[\"registry.terraform.io/hashicorp/google\"]",
      "instances": [
        {
          "schema_version": 1,
          "attributes": {
            "autoscaling": [],
            "cluster": "gke-dev-stftaller001",
            "id": "projects/stf-taller001-349601/locations/us-east1-b/clusters/gke-dev-stftaller001/nodePools/gke-pool",
            "initial_node_count": 1,
            "instance_group_urls": [
              "https://www.googleapis.com/compute/v1/projects/stf-taller001-349601/zones/us-east1-b/instanceGroupManagers/gke-gke-dev-stftaller001-gke-pool-647683c9-grp"
            ],
            "location": "us-east1-b",
            "managed_instance_group_urls": [
              "https://www.googleapis.com/compute/v1/projects/stf-taller001-349601/zones/us-east1-b/instanceGroups/gke-gke-dev-stftaller001-gke-pool-647683c9-grp"
            ],
            "management": [
              {
                "auto_repair": true,
                "auto_upgrade": true
              }
            ],
            "max_pods_per_node": null,
            "name": "gke-pool",
            "name_prefix": "",
            "node_config": [
              {
                "boot_disk_kms_key": "",
                "disk_size_gb": 100,
                "disk_type": "pd-standard",
                "gcfs_config": [],
                "guest_accelerator": [],
                "gvnic": [],
                "image_type": "COS_CONTAINERD",
                "labels": {},
                "local_ssd_count": 0,
                "machine_type": "e2-micro",
                "metadata": {
                  "disable-legacy-endpoints": "true",
                  "disabled-enable_legacy_abac": "true"
                },
                "min_cpu_platform": "",
                "node_group": "",
                "oauth_scopes": [
                  "https://www.googleapis.com/auth/logging.write",
                  "https://www.googleapis.com/auth/monitoring"
                ],
                "preemptible": true,
                "service_account": "default",
                "shielded_instance_config": [
                  {
                    "enable_integrity_monitoring": true,
                    "enable_secure_boot": false
                  }
                ],
                "tags": null,
                "taint": [],
                "workload_metadata_config": []
              }
            ],
            "node_count": 1,
            "node_locations": [
              "us-east1-b"
            ],
            "operation": null,
            "project": "stf-taller001-349601",
            "timeouts": null,
            "upgrade_settings": [
              {
                "max_surge": 1,
                "max_unavailable": 0
              }
            ],
            "version": "1.21.10-gke.2000"
          },
          "sensitive_attributes": [],
          "private": "eyJlMmJmYjczMC1lY2FhLTExZTYtOGY4OC0zNDM2M2JjN2M0YzAiOnsiY3JlYXRlIjoxODAwMDAwMDAwMDAwLCJkZWxldGUiOjE4MDAwMDAwMDAwMDAsInVwZGF0ZSI6MTgwMDAwMDAwMDAwMH0sInNjaGVtYV92ZXJzaW9uIjoiMSJ9",
          "dependencies": [
            "google_container_cluster.default"
          ]
        }
      ]
    }
  ]
}
